
Microsoft Visual Studio Solution File, Format Version 12.00
# Visual Studio Version 16
VisualStudioVersion = 16.0.33801.447
MinimumVisualStudioVersion = 10.0.40219.1
Project("{FAE04EC0-301F-11D3-BF4B-00C04F79EFBC}") = "Operators_00", "Operators_00\Operators_00.csproj", "{32EC21FF-C9A4-406E-AD14-32B38688EC28}"
EndProject
Project("{FAE04EC0-301F-11D3-BF4B-00C04F79EFBC}") = "Operators_01", "Operators_01\Operators_01.csproj", "{248BA655-2872-49A5-9830-EFBDD3AADBF4}"
EndProject
Global
	GlobalSection(SolutionConfigurationPlatforms) = preSolution
		Debug|Any CPU = Debug|Any CPU
		Release|Any CPU = Release|Any CPU
	EndGlobalSection
	GlobalSection(ProjectConfigurationPlatforms) = postSolution
		{32EC21FF-C9A4-406E-AD14-32B38688EC28}.Debug|Any CPU.ActiveCfg = Debug|Any CPU
		{32EC21FF-C9A4-406E-AD14-32B38688EC28}.Debug|Any CPU.Build.0 = Debug|Any CPU
		{32EC21FF-C9A4-406E-AD14-32B38688EC28}.Release|Any CPU.ActiveCfg = Release|Any CPU
		{32EC21FF-C9A4-406E-AD14-32B38688EC28}.Release|Any CPU.Build.0 = Release|Any CPU
		{248BA655-2872-49A5-9830-EFBDD3AADBF4}.Debug|Any CPU.ActiveCfg = Debug|Any CPU
		{248BA655-2872-49A5-9830-EFBDD3AADBF4}.Debug|Any CPU.Build.0 = Debug|Any CPU
		{248BA655-2872-49A5-9830-EFBDD3AADBF4}.Release|Any CPU.ActiveCfg = Release|Any CPU
		{248BA655-2872-49A5-9830-EFBDD3AADBF4}.Release|Any CPU.Build.0 = Release|Any CPU
	EndGlobalSection
	GlobalSection(SolutionProperties) = preSolution
		HideSolutionNode = FALSE
	EndGlobalSection
	GlobalSection(ExtensibilityGlobals) = postSolution
		SolutionGuid = {EA08710C-15D2-4AAD-94DF-97F646377F87}
	EndGlobalSection
EndGlobal
